
Microsoft Visual Studio Solution File, Format Version 12.00
# Visual Studio 2012
Project("{FAE04EC0-301F-11D3-BF4B-00C04F79EFBC}") = "texto_enriquecido2", "texto_enriquecido2\texto_enriquecido2.csproj", "{0AEC622C-0AA9-4501-8F4D-E914E23E4A10}"
EndProject
Global
	GlobalSection(SolutionConfigurationPlatforms) = preSolution
		Debug|Any CPU = Debug|Any CPU
		Release|Any CPU = Release|Any CPU
	EndGlobalSection
	GlobalSection(ProjectConfigurationPlatforms) = postSolution
		{0AEC622C-0AA9-4501-8F4D-E914E23E4A10}.Debug|Any CPU.ActiveCfg = Debug|Any CPU
		{0AEC622C-0AA9-4501-8F4D-E914E23E4A10}.Debug|Any CPU.Build.0 = Debug|Any CPU
		{0AEC622C-0AA9-4501-8F4D-E914E23E4A10}.Release|Any CPU.ActiveCfg = Release|Any CPU
		{0AEC622C-0AA9-4501-8F4D-E914E23E4A10}.Release|Any CPU.Build.0 = Release|Any CPU
	EndGlobalSection
	GlobalSection(SolutionProperties) = preSolution
		HideSolutionNode = FALSE
	EndGlobalSection
EndGlobal
